{
  "name": "syntax",
  "lockfileVersion": 3,
  "requires": true,
  "packages": {
    "": {
      "dependencies": {
        "words": "^0.2.1"
      }
    },
    "node_modules/words": {
      "version": "0.2.1",
      "resolved": "https://registry.npmjs.org/words/-/words-0.2.1.tgz",
      "integrity": "sha512-sFv3WvRsZBSuPVwrNpBqYwsAy2Kda/9yObVFKGsrPuxuS19aHEeQUvBqIRG5yVD/+U6Y/GYp36faI6FDUDjgvQ=="
    }
  }
}
